
Microsoft Visual Studio Solution File, Format Version 12.00
# Visual Studio 15
VisualStudioVersion = 15.0.28307.489
MinimumVisualStudioVersion = 10.0.40219.1
Project("{FAE04EC0-301F-11D3-BF4B-00C04F79EFBC}") = "LeagueWebApp", "LeagueWebApp\LeagueWebApp.csproj", "{E58741C3-21D6-4474-9326-5BE5277A273D}"
EndProject
Global
	GlobalSection(SolutionConfigurationPlatforms) = preSolution
		Debug|Any CPU = Debug|Any CPU
		Release|Any CPU = Release|Any CPU
	EndGlobalSection
	GlobalSection(ProjectConfigurationPlatforms) = postSolution
		{E58741C3-21D6-4474-9326-5BE5277A273D}.Debug|Any CPU.ActiveCfg = Debug|Any CPU
		{E58741C3-21D6-4474-9326-5BE5277A273D}.Debug|Any CPU.Build.0 = Debug|Any CPU
		{E58741C3-21D6-4474-9326-5BE5277A273D}.Release|Any CPU.ActiveCfg = Release|Any CPU
		{E58741C3-21D6-4474-9326-5BE5277A273D}.Release|Any CPU.Build.0 = Release|Any CPU
	EndGlobalSection
	GlobalSection(SolutionProperties) = preSolution
		HideSolutionNode = FALSE
	EndGlobalSection
	GlobalSection(ExtensibilityGlobals) = postSolution
		SolutionGuid = {ACC9A1E6-8E6C-4137-B4BD-E914FE5DBCE3}
	EndGlobalSection
EndGlobal
